
Microsoft Visual Studio Solution File, Format Version 12.00
# Visual Studio Version 17
VisualStudioVersion = 17.5.002.0
MinimumVisualStudioVersion = 10.0.40219.1
Project("{9A19103F-16F7-4668-BE54-9A1E7A4F7556}") = "flow-control", "flow-control.csproj", "{294940C8-6E35-421F-A1F2-EF0868DDE44D}"
EndProject
Global
	GlobalSection(SolutionConfigurationPlatforms) = preSolution
		Debug|Any CPU = Debug|Any CPU
		Release|Any CPU = Release|Any CPU
	EndGlobalSection
	GlobalSection(ProjectConfigurationPlatforms) = postSolution
		{294940C8-6E35-421F-A1F2-EF0868DDE44D}.Debug|Any CPU.ActiveCfg = Debug|Any CPU
		{294940C8-6E35-421F-A1F2-EF0868DDE44D}.Debug|Any CPU.Build.0 = Debug|Any CPU
		{294940C8-6E35-421F-A1F2-EF0868DDE44D}.Release|Any CPU.ActiveCfg = Release|Any CPU
		{294940C8-6E35-421F-A1F2-EF0868DDE44D}.Release|Any CPU.Build.0 = Release|Any CPU
	EndGlobalSection
	GlobalSection(SolutionProperties) = preSolution
		HideSolutionNode = FALSE
	EndGlobalSection
	GlobalSection(ExtensibilityGlobals) = postSolution
		SolutionGuid = {19872EEB-91F1-4C8C-ABDD-FC8EE4039A75}
	EndGlobalSection
EndGlobal
